// !$*UTF8*$!
{
	archiveVersion = 1;
	classes = {
	};
	objectVersion = 55;
	objects = {

/* Begin PBXBuildFile section */
		E54305AF27B24AC000443353 /* AppDelegate.swift in Sources */ = {isa = PBXBuildFile; fileRef = E54305AE27B24AC000443353 /* AppDelegate.swift */; };
		E54305B127B24AC000443353 /* SceneDelegate.swift in Sources */ = {isa = PBXBuildFile; fileRef = E54305B027B24AC000443353 /* SceneDelegate.swift */; };
		E54305B327B24AC000443353 /* ViewController.swift in Sources */ = {isa = PBXBuildFile; fileRef = E54305B227B24AC000443353 /* ViewController.swift */; };
		E54305B627B24AC000443353 /* Main.storyboard in Resources */ = {isa = PBXBuildFile; fileRef = E54305B427B24AC000443353 /* Main.storyboard */; };
		E54305B827B24AC400443353 /* Assets.xcassets in Resources */ = {isa = PBXBuildFile; fileRef = E54305B727B24AC400443353 /* Assets.xcassets */; };
		E54305BB27B24AC400443353 /* LaunchScreen.storyboard in Resources */ = {isa = PBXBuildFile; fileRef = E54305B927B24AC400443353 /* LaunchScreen.storyboard */; };
		E54305C327B24CE100443353 /* LessonViewController.swift in Sources */ = {isa = PBXBuildFile; fileRef = E54305C227B24CE100443353 /* LessonViewController.swift */; };
		E54305CA27B39C0900443353 /* extentionLessonVC.swift in Sources */ = {isa = PBXBuildFile; fileRef = E54305C927B39C0900443353 /* extentionLessonVC.swift */; };
		E54305D127B39D5500443353 /* CollectionViewCell.swift in Sources */ = {isa = PBXBuildFile; fileRef = E54305D027B39D5500443353 /* CollectionViewCell.swift */; };
		E54305D427B3DA3200443353 /* ModelJSON.swift in Sources */ = {isa = PBXBuildFile; fileRef = E54305D327B3DA3200443353 /* ModelJSON.swift */; };
		E54305D627B3E15B00443353 /* Task.swift in Sources */ = {isa = PBXBuildFile; fileRef = E54305D527B3E15B00443353 /* Task.swift */; };
		E54305D927B3E77600443353 /* ModelForView.swift in Sources */ = {isa = PBXBuildFile; fileRef = E54305D827B3E77600443353 /* ModelForView.swift */; };
		E54305DB27B4131900443353 /* extentionNSMutableAttributedString.swift in Sources */ = {isa = PBXBuildFile; fileRef = E54305DA27B4131900443353 /* extentionNSMutableAttributedString.swift */; };
		E54305DD27B4EBE000443353 /* extentionLessonVS + URLSessuonDownloadDelegate.swift in Sources */ = {isa = PBXBuildFile; fileRef = E54305DC27B4EBE000443353 /* extentionLessonVS + URLSessuonDownloadDelegate.swift */; };
/* End PBXBuildFile section */

/* Begin PBXFileReference section */
		E54305AB27B24AC000443353 /* LearningPlan.app */ = {isa = PBXFileReference; explicitFileType = wrapper.application; includeInIndex = 0; path = LearningPlan.app; sourceTree = BUILT_PRODUCTS_DIR; };
		E54305AE27B24AC000443353 /* AppDelegate.swift */ = {isa = PBXFileReference; lastKnownFileType = sourcecode.swift; path = AppDelegate.swift; sourceTree = "<group>"; };
		E54305B027B24AC000443353 /* SceneDelegate.swift */ = {isa = PBXFileReference; lastKnownFileType = sourcecode.swift; path = SceneDelegate.swift; sourceTree = "<group>"; };
		E54305B227B24AC000443353 /* ViewController.swift */ = {isa = PBXFileReference; lastKnownFileType = sourcecode.swift; path = ViewController.swift; sourceTree = "<group>"; };
		E54305B527B24AC000443353 /* Base */ = {isa = PBXFileReference; lastKnownFileType = file.storyboard; name = Base; path = Base.lproj/Main.storyboard; sourceTree = "<group>"; };
		E54305B727B24AC400443353 /* Assets.xcassets */ = {isa = PBXFileReference; lastKnownFileType = folder.assetcatalog; path = Assets.xcassets; sourceTree = "<group>"; };
		E54305BA27B24AC400443353 /* Base */ = {isa = PBXFileReference; lastKnownFileType = file.storyboard; name = Base; path = Base.lproj/LaunchScreen.storyboard; sourceTree = "<group>"; };
		E54305BC27B24AC400443353 /* Info.plist */ = {isa = PBXFileReference; lastKnownFileType = text.plist.xml; path = Info.plist; sourceTree = "<group>"; };
		E54305C227B24CE100443353 /* LessonViewController.swift */ = {isa = PBXFileReference; lastKnownFileType = sourcecode.swift; path = LessonViewController.swift; sourceTree = "<group>"; };
		E54305C927B39C0900443353 /* extentionLessonVC.swift */ = {isa = PBXFileReference; lastKnownFileType = sourcecode.swift; path = extentionLessonVC.swift; sourceTree = "<group>"; };
		E54305D027B39D5500443353 /* CollectionViewCell.swift */ = {isa = PBXFileReference; lastKnownFileType = sourcecode.swift; path = CollectionViewCell.swift; sourceTree = "<group>"; };
		E54305D327B3DA3200443353 /* ModelJSON.swift */ = {isa = PBXFileReference; lastKnownFileType = sourcecode.swift; path = ModelJSON.swift; sourceTree = "<group>"; };
		E54305D527B3E15B00443353 /* Task.swift */ = {isa = PBXFileReference; lastKnownFileType = sourcecode.swift; path = Task.swift; sourceTree = "<group>"; };
		E54305D827B3E77600443353 /* ModelForView.swift */ = {isa = PBXFileReference; lastKnownFileType = sourcecode.swift; path = ModelForView.swift; sourceTree = "<group>"; };
		E54305DA27B4131900443353 /* extentionNSMutableAttributedString.swift */ = {isa = PBXFileReference; lastKnownFileType = sourcecode.swift; path = extentionNSMutableAttributedString.swift; sourceTree = "<group>"; };
		E54305DC27B4EBE000443353 /* extentionLessonVS + URLSessuonDownloadDelegate.swift */ = {isa = PBXFileReference; lastKnownFileType = sourcecode.swift; path = "extentionLessonVS + URLSessuonDownloadDelegate.swift"; sourceTree = "<group>"; };
/* End PBXFileReference section */

/* Begin PBXFrameworksBuildPhase section */
		E54305A827B24AC000443353 /* Frameworks */ = {
			isa = PBXFrameworksBuildPhase;
			buildActionMask = 2147483647;
			files = (
			);
			runOnlyForDeploymentPostprocessing = 0;
		};
/* End PBXFrameworksBuildPhase section */

/* Begin PBXGroup section */
		E54305A227B24AC000443353 = {
			isa = PBXGroup;
			children = (
				E54305AD27B24AC000443353 /* LearningPlan */,
				E54305AC27B24AC000443353 /* Products */,
			);
			sourceTree = "<group>";
		};
		E54305AC27B24AC000443353 /* Products */ = {
			isa = PBXGroup;
			children = (
				E54305AB27B24AC000443353 /* LearningPlan.app */,
			);
			name = Products;
			sourceTree = "<group>";
		};
		E54305AD27B24AC000443353 /* LearningPlan */ = {
			isa = PBXGroup;
			children = (
				E54305CF27B39D2800443353 /* Model */,
				E54305CE27B39D1B00443353 /* View */,
				E54305CC27B39CF300443353 /* Controllers */,
				E54305D727B3E19100443353 /* Tasks */,
				E54305CD27B39D1000443353 /* Extention */,
				E54305CB27B39CE400443353 /* Supporting files */,
				E54305B727B24AC400443353 /* Assets.xcassets */,
				E54305BC27B24AC400443353 /* Info.plist */,
			);
			path = LearningPlan;
			sourceTree = "<group>";
		};
		E54305CB27B39CE400443353 /* Supporting files */ = {
			isa = PBXGroup;
			children = (
				E54305AE27B24AC000443353 /* AppDelegate.swift */,
				E54305B027B24AC000443353 /* SceneDelegate.swift */,
			);
			path = "Supporting files";
			sourceTree = "<group>";
		};
		E54305CC27B39CF300443353 /* Controllers */ = {
			isa = PBXGroup;
			children = (
				E54305B227B24AC000443353 /* ViewController.swift */,
				E54305C227B24CE100443353 /* LessonViewController.swift */,
				E54305D027B39D5500443353 /* CollectionViewCell.swift */,
			);
			path = Controllers;
			sourceTree = "<group>";
		};
		E54305CD27B39D1000443353 /* Extention */ = {
			isa = PBXGroup;
			children = (
				E54305C927B39C0900443353 /* extentionLessonVC.swift */,
				E54305DA27B4131900443353 /* extentionNSMutableAttributedString.swift */,
				E54305DC27B4EBE000443353 /* extentionLessonVS + URLSessuonDownloadDelegate.swift */,
			);
			path = Extention;
			sourceTree = "<group>";
		};
		E54305CE27B39D1B00443353 /* View */ = {
			isa = PBXGroup;
			children = (
				E54305B427B24AC000443353 /* Main.storyboard */,
				E54305B927B24AC400443353 /* LaunchScreen.storyboard */,
			);
			path = View;
			sourceTree = "<group>";
		};
		E54305CF27B39D2800443353 /* Model */ = {
			isa = PBXGroup;
			children = (
				E54305D327B3DA3200443353 /* ModelJSON.swift */,
				E54305D827B3E77600443353 /* ModelForView.swift */,
			);
			path = Model;
			sourceTree = "<group>";
		};
		E54305D727B3E19100443353 /* Tasks */ = {
			isa = PBXGroup;
			children = (
				E54305D527B3E15B00443353 /* Task.swift */,
			);
			path = Tasks;
			sourceTree = "<group>";
		};
/* End PBXGroup section */

/* Begin PBXNativeTarget section */
		E54305AA27B24AC000443353 /* LearningPlan */ = {
			isa = PBXNativeTarget;
			buildConfigurationList = E54305BF27B24AC400443353 /* Build configuration list for PBXNativeTarget "LearningPlan" */;
			buildPhases = (
				E54305A727B24AC000443353 /* Sources */,
				E54305A827B24AC000443353 /* Frameworks */,
				E54305A927B24AC000443353 /* Resources */,
			);
			buildRules = (
			);
			dependencies = (
			);
			name = LearningPlan;
			productName = LearningPlan;
			productReference = E54305AB27B24AC000443353 /* LearningPlan.app */;
			productType = "com.apple.product-type.application";
		};
/* End PBXNativeTarget section */

/* Begin PBXProject section */
		E54305A327B24AC000443353 /* Project object */ = {
			isa = PBXProject;
			attributes = {
				BuildIndependentTargetsInParallel = 1;
				LastSwiftUpdateCheck = 1310;
				LastUpgradeCheck = 1310;
				TargetAttributes = {
					E54305AA27B24AC000443353 = {
						CreatedOnToolsVersion = 13.1;
					};
				};
			};
			buildConfigurationList = E54305A627B24AC000443353 /* Build configuration list for PBXProject "LearningPlan" */;
			compatibilityVersion = "Xcode 13.0";
			developmentRegion = en;
			hasScannedForEncodings = 0;
			knownRegions = (
				en,
				Base,
			);
			mainGroup = E54305A227B24AC000443353;
			productRefGroup = E54305AC27B24AC000443353 /* Products */;
			projectDirPath = "";
			projectRoot = "";
			targets = (
				E54305AA27B24AC000443353 /* LearningPlan */,
			);
		};
/* End PBXProject section */

/* Begin PBXResourcesBuildPhase section */
		E54305A927B24AC000443353 /* Resources */ = {
			isa = PBXResourcesBuildPhase;
			buildActionMask = 2147483647;
			files = (
				E54305BB27B24AC400443353 /* LaunchScreen.storyboard in Resources */,
				E54305B827B24AC400443353 /* Assets.xcassets in Resources */,
				E54305B627B24AC000443353 /* Main.storyboard in Resources */,
			);
			runOnlyForDeploymentPostprocessing = 0;
		};
/* End PBXResourcesBuildPhase section */

/* Begin PBXSourcesBuildPhase section */
		E54305A727B24AC000443353 /* Sources */ = {
			isa = PBXSourcesBuildPhase;
			buildActionMask = 2147483647;
			files = (
				E54305D627B3E15B00443353 /* Task.swift in Sources */,
				E54305DB27B4131900443353 /* extentionNSMutableAttributedString.swift in Sources */,
				E54305D427B3DA3200443353 /* ModelJSON.swift in Sources */,
				E54305C327B24CE100443353 /* LessonViewController.swift in Sources */,
				E54305B327B24AC000443353 /* ViewController.swift in Sources */,
				E54305D127B39D5500443353 /* CollectionViewCell.swift in Sources */,
				E54305AF27B24AC000443353 /* AppDelegate.swift in Sources */,
				E54305B127B24AC000443353 /* SceneDelegate.swift in Sources */,
				E54305DD27B4EBE000443353 /* extentionLessonVS + URLSessuonDownloadDelegate.swift in Sources */,
				E54305D927B3E77600443353 /* ModelForView.swift in Sources */,
				E54305CA27B39C0900443353 /* extentionLessonVC.swift in Sources */,
			);
			runOnlyForDeploymentPostprocessing = 0;
		};
/* End PBXSourcesBuildPhase section */

/* Begin PBXVariantGroup section */
		E54305B427B24AC000443353 /* Main.storyboard */ = {
			isa = PBXVariantGroup;
			children = (
				E54305B527B24AC000443353 /* Base */,
			);
			name = Main.storyboard;
			sourceTree = "<group>";
		};
		E54305B927B24AC400443353 /* LaunchScreen.storyboard */ = {
			isa = PBXVariantGroup;
			children = (
				E54305BA27B24AC400443353 /* Base */,
			);
			name = LaunchScreen.storyboard;
			sourceTree = "<group>";
		};
/* End PBXVariantGroup section */

/* Begin XCBuildConfiguration section */
		E54305BD27B24AC400443353 /* Debug */ = {
			isa = XCBuildConfiguration;
			buildSettings = {
				ALWAYS_SEARCH_USER_PATHS = NO;
				CLANG_ANALYZER_NONNULL = YES;
				CLANG_ANALYZER_NUMBER_OBJECT_CONVERSION = YES_AGGRESSIVE;
				CLANG_CXX_LANGUAGE_STANDARD = "gnu++17";
				CLANG_CXX_LIBRARY = "libc++";
				CLANG_ENABLE_MODULES = YES;
				CLANG_ENABLE_OBJC_ARC = YES;
				CLANG_ENABLE_OBJC_WEAK = YES;
				CLANG_WARN_BLOCK_CAPTURE_AUTORELEASING = YES;
				CLANG_WARN_BOOL_CONVERSION = YES;
				CLANG_WARN_COMMA = YES;
				CLANG_WARN_CONSTANT_CONVERSION = YES;
				CLANG_WARN_DEPRECATED_OBJC_IMPLEMENTATIONS = YES;
				CLANG_WARN_DIRECT_OBJC_ISA_USAGE = YES_ERROR;
				CLANG_WARN_DOCUMENTATION_COMMENTS = YES;
				CLANG_WARN_EMPTY_BODY = YES;
				CLANG_WARN_ENUM_CONVERSION = YES;
				CLANG_WARN_INFINITE_RECURSION = YES;
				CLANG_WARN_INT_CONVERSION = YES;
				CLANG_WARN_NON_LITERAL_NULL_CONVERSION = YES;
				CLANG_WARN_OBJC_IMPLICIT_RETAIN_SELF = YES;
				CLANG_WARN_OBJC_LITERAL_CONVERSION = YES;
				CLANG_WARN_OBJC_ROOT_CLASS = YES_ERROR;
				CLANG_WARN_QUOTED_INCLUDE_IN_FRAMEWORK_HEADER = YES;
				CLANG_WARN_RANGE_LOOP_ANALYSIS = YES;
				CLANG_WARN_STRICT_PROTOTYPES = YES;
				CLANG_WARN_SUSPICIOUS_MOVE = YES;
				CLANG_WARN_UNGUARDED_AVAILABILITY = YES_AGGRESSIVE;
				CLANG_WARN_UNREACHABLE_CODE = YES;
				CLANG_WARN__DUPLICATE_METHOD_MATCH = YES;
				COPY_PHASE_STRIP = NO;
				DEBUG_INFORMATION_FORMAT = dwarf;
				ENABLE_STRICT_OBJC_MSGSEND = YES;
				ENABLE_TESTABILITY = YES;
				GCC_C_LANGUAGE_STANDARD = gnu11;
				GCC_DYNAMIC_NO_PIC = NO;
				GCC_NO_COMMON_BLOCKS = YES;
				GCC_OPTIMIZATION_LEVEL = 0;
				GCC_PREPROCESSOR_DEFINITIONS = (
					"DEBUG=1",
					"$(inherited)",
				);
				GCC_WARN_64_TO_32_BIT_CONVERSION = YES;
				GCC_WARN_ABOUT_RETURN_TYPE = YES_ERROR;
				GCC_WARN_UNDECLARED_SELECTOR = YES;
				GCC_WARN_UNINITIALIZED_AUTOS = YES_AGGRESSIVE;
				GCC_WARN_UNUSED_FUNCTION = YES;
				GCC_WARN_UNUSED_VARIABLE = YES;
				IPHONEOS_DEPLOYMENT_TARGET = 15.0;
				MTL_ENABLE_DEBUG_INFO = INCLUDE_SOURCE;
				MTL_FAST_MATH = YES;
				ONLY_ACTIVE_ARCH = YES;
				SDKROOT = iphoneos;
				SWIFT_ACTIVE_COMPILATION_CONDITIONS = DEBUG;
				SWIFT_OPTIMIZATION_LEVEL = "-Onone";
			};
			name = Debug;
		};
		E54305BE27B24AC400443353 /* Release */ = {
			isa = XCBuildConfiguration;
			buildSettings = {
				ALWAYS_SEARCH_USER_PATHS = NO;
				CLANG_ANALYZER_NONNULL = YES;
				CLANG_ANALYZER_NUMBER_OBJECT_CONVERSION = YES_AGGRESSIVE;
				CLANG_CXX_LANGUAGE_STANDARD = "gnu++17";
				CLANG_CXX_LIBRARY = "libc++";
				CLANG_ENABLE_MODULES = YES;
				CLANG_ENABLE_OBJC_ARC = YES;
				CLANG_ENABLE_OBJC_WEAK = YES;
				CLANG_WARN_BLOCK_CAPTURE_AUTORELEASING = YES;
				CLANG_WARN_BOOL_CONVERSION = YES;
				CLANG_WARN_COMMA = YES;
				CLANG_WARN_CONSTANT_CONVERSION = YES;
				CLANG_WARN_DEPRECATED_OBJC_IMPLEMENTATIONS = YES;
				CLANG_WARN_DIRECT_OBJC_ISA_USAGE = YES_ERROR;
				CLANG_WARN_DOCUMENTATION_COMMENTS = YES;
				CLANG_WARN_EMPTY_BODY = YES;
				CLANG_WARN_ENUM_CONVERSION = YES;
				CLANG_WARN_INFINITE_RECURSION = YES;
				CLANG_WARN_INT_CONVERSION = YES;
				CLANG_WARN_NON_LITERAL_NULL_CONVERSION = YES;
				CLANG_WARN_OBJC_IMPLICIT_RETAIN_SELF = YES;
				CLANG_WARN_OBJC_LITERAL_CONVERSION = YES;
				CLANG_WARN_OBJC_ROOT_CLASS = YES_ERROR;
				CLANG_WARN_QUOTED_INCLUDE_IN_FRAMEWORK_HEADER = YES;
				CLANG_WARN_RANGE_LOOP_ANALYSIS = YES;
				CLANG_WARN_STRICT_PROTOTYPES = YES;
				CLANG_WARN_SUSPICIOUS_MOVE = YES;
				CLANG_WARN_UNGUARDED_AVAILABILITY = YES_AGGRESSIVE;
				CLANG_WARN_UNREACHABLE_CODE = YES;
				CLANG_WARN__DUPLICATE_METHOD_MATCH = YES;
				COPY_PHASE_STRIP = NO;
				DEBUG_INFORMATION_FORMAT = "dwarf-with-dsym";
				ENABLE_NS_ASSERTIONS = NO;
				ENABLE_STRICT_OBJC_MSGSEND = YES;
				GCC_C_LANGUAGE_STANDARD = gnu11;
				GCC_NO_COMMON_BLOCKS = YES;
				GCC_WARN_64_TO_32_BIT_CONVERSION = YES;
				GCC_WARN_ABOUT_RETURN_TYPE = YES_ERROR;
				GCC_WARN_UNDECLARED_SELECTOR = YES;
				GCC_WARN_UNINITIALIZED_AUTOS = YES_AGGRESSIVE;
				GCC_WARN_UNUSED_FUNCTION = YES;
				GCC_WARN_UNUSED_VARIABLE = YES;
				IPHONEOS_DEPLOYMENT_TARGET = 15.0;
				MTL_ENABLE_DEBUG_INFO = NO;
				MTL_FAST_MATH = YES;
				SDKROOT = iphoneos;
				SWIFT_COMPILATION_MODE = wholemodule;
				SWIFT_OPTIMIZATION_LEVEL = "-O";
				VALIDATE_PRODUCT = YES;
			};
			name = Release;
		};
		E54305C027B24AC400443353 /* Debug */ = {
			isa = XCBuildConfiguration;
			buildSettings = {
				ASSETCATALOG_COMPILER_APPICON_NAME = AppIcon;
				ASSETCATALOG_COMPILER_GLOBAL_ACCENT_COLOR_NAME = AccentColor;
				CODE_SIGN_STYLE = Automatic;
				CURRENT_PROJECT_VERSION = 1;
				DEVELOPMENT_TEAM = M8Y5W2CD55;
				GENERATE_INFOPLIST_FILE = YES;
				INFOPLIST_FILE = LearningPlan/Info.plist;
				INFOPLIST_KEY_UIApplicationSupportsIndirectInputEvents = YES;
				INFOPLIST_KEY_UILaunchStoryboardName = LaunchScreen;
				INFOPLIST_KEY_UIMainStoryboardFile = Main;
				INFOPLIST_KEY_UISupportedInterfaceOrientations_iPad = "UIInterfaceOrientationPortrait UIInterfaceOrientationPortraitUpsideDown UIInterfaceOrientationLandscapeLeft UIInterfaceOrientationLandscapeRight";
				INFOPLIST_KEY_UISupportedInterfaceOrientations_iPhone = "UIInterfaceOrientationPortrait UIInterfaceOrientationLandscapeLeft UIInterfaceOrientationLandscapeRight";
				LD_RUNPATH_SEARCH_PATHS = (
					"$(inherited)",
					"@executable_path/Frameworks",
				);
				MARKETING_VERSION = 1.0;
				PRODUCT_BUNDLE_IDENTIFIER = Frank.LearningPlan;
				PRODUCT_NAME = "$(TARGET_NAME)";
				SWIFT_EMIT_LOC_STRINGS = YES;
				SWIFT_VERSION = 5.0;
				TARGETED_DEVICE_FAMILY = "1,2";
			};
			name = Debug;
		};
		E54305C127B24AC400443353 /* Release */ = {
			isa = XCBuildConfiguration;
			buildSettings = {
				ASSETCATALOG_COMPILER_APPICON_NAME = AppIcon;
				ASSETCATALOG_COMPILER_GLOBAL_ACCENT_COLOR_NAME = AccentColor;
				CODE_SIGN_STYLE = Automatic;
				CURRENT_PROJECT_VERSION = 1;
				DEVELOPMENT_TEAM = M8Y5W2CD55;
				GENERATE_INFOPLIST_FILE = YES;
				INFOPLIST_FILE = LearningPlan/Info.plist;
				INFOPLIST_KEY_UIApplicationSupportsIndirectInputEvents = YES;
				INFOPLIST_KEY_UILaunchStoryboardName = LaunchScreen;
				INFOPLIST_KEY_UIMainStoryboardFile = Main;
				INFOPLIST_KEY_UISupportedInterfaceOrientations_iPad = "UIInterfaceOrientationPortrait UIInterfaceOrientationPortraitUpsideDown UIInterfaceOrientationLandscapeLeft UIInterfaceOrientationLandscapeRight";
				INFOPLIST_KEY_UISupportedInterfaceOrientations_iPhone = "UIInterfaceOrientationPortrait UIInterfaceOrientationLandscapeLeft UIInterfaceOrientationLandscapeRight";
				LD_RUNPATH_SEARCH_PATHS = (
					"$(inherited)",
					"@executable_path/Frameworks",
				);
				MARKETING_VERSION = 1.0;
				PRODUCT_BUNDLE_IDENTIFIER = Frank.LearningPlan;
				PRODUCT_NAME = "$(TARGET_NAME)";
				SWIFT_EMIT_LOC_STRINGS = YES;
				SWIFT_VERSION = 5.0;
				TARGETED_DEVICE_FAMILY = "1,2";
			};
			name = Release;
		};
/* End XCBuildConfiguration section */

/* Begin XCConfigurationList section */
		E54305A627B24AC000443353 /* Build configuration list for PBXProject "LearningPlan" */ = {
			isa = XCConfigurationList;
			buildConfigurations = (
				E54305BD27B24AC400443353 /* Debug */,
				E54305BE27B24AC400443353 /* Release */,
			);
			defaultConfigurationIsVisible = 0;
			defaultConfigurationName = Release;
		};
		E54305BF27B24AC400443353 /* Build configuration list for PBXNativeTarget "LearningPlan" */ = {
			isa = XCConfigurationList;
			buildConfigurations = (
				E54305C027B24AC400443353 /* Debug */,
				E54305C127B24AC400443353 /* Release */,
			);
			defaultConfigurationIsVisible = 0;
			defaultConfigurationName = Release;
		};
/* End XCConfigurationList section */
	};
	rootObject = E54305A327B24AC000443353 /* Project object */;
}
